
Microsoft Visual Studio Solution File, Format Version 12.00
# Visual Studio Version 17
VisualStudioVersion = 17.10.34916.146
MinimumVisualStudioVersion = 10.0.40219.1
Project("{FAE04EC0-301F-11D3-BF4B-00C04F79EFBC}") = "MyBuilder", "MyBuilder\MyBuilder.csproj", "{4D9DAE1A-A948-4B28-901B-D62E3F38B406}"
EndProject
Global
	GlobalSection(SolutionConfigurationPlatforms) = preSolution
		Debug|Any CPU = Debug|Any CPU
		Release|Any CPU = Release|Any CPU
	EndGlobalSection
	GlobalSection(ProjectConfigurationPlatforms) = postSolution
		{4D9DAE1A-A948-4B28-901B-D62E3F38B406}.Debug|Any CPU.ActiveCfg = Debug|Any CPU
		{4D9DAE1A-A948-4B28-901B-D62E3F38B406}.Debug|Any CPU.Build.0 = Debug|Any CPU
		{4D9DAE1A-A948-4B28-901B-D62E3F38B406}.Release|Any CPU.ActiveCfg = Release|Any CPU
		{4D9DAE1A-A948-4B28-901B-D62E3F38B406}.Release|Any CPU.Build.0 = Release|Any CPU
	EndGlobalSection
	GlobalSection(SolutionProperties) = preSolution
		HideSolutionNode = FALSE
	EndGlobalSection
	GlobalSection(ExtensibilityGlobals) = postSolution
		SolutionGuid = {76F39DAE-D6E7-4B90-9A14-5F765E1B21B3}
	EndGlobalSection
EndGlobal
